<?xml version="1.0" encoding="utf-8"?>
<Project ToolsVersion="4.0" xmlns="http://schemas.microsoft.com/developer/msbuild/2003">
  <ItemGroup>
    <Filter Include="win_console">
      <UniqueIdentifier>{5dd7ec23-965a-4f64-bba1-45f271f731cf}</UniqueIdentifier>
    </Filter>
    <Filter Include="shaders">
      <UniqueIdentifier>{594e888e-f4ef-401d-81bb-3748dfc3775b}</UniqueIdentifier>
    </Filter>
    <Filter Include="editor">
      <UniqueIdentifier>{976625b2-c6a7-40eb-872f-ad27c0c4b959}</UniqueIdentifier>
    </Filter>
    <Filter Include="editor\history">
      <UniqueIdentifier>{c877e594-ef00-425d-b53d-623579b01383}</UniqueIdentifier>
    </Filter>
    <Filter Include="engine">
      <UniqueIdentifier>{f1d825b0-d4bc-48f9-9cd9-4cd6525e9cdd}</UniqueIdentifier>
    </Filter>
    <Filter Include="engine\voxel">
      <UniqueIdentifier>{8a620ba7-9b3d-4c32-881a-2c552cfdae01}</UniqueIdentifier>
    </Filter>
    <Filter Include="engine\voxel\lighting engine">
      <UniqueIdentifier>{16d510a4-1c12-4840-ae60-13b131fab0c4}</UniqueIdentifier>
    </Filter>
    <Filter Include="engine\voxel\Deprecated">
      <UniqueIdentifier>{6a3a27ec-34c5-4e16-a30f-4f0fec376f31}</UniqueIdentifier>
    </Filter>
    <Filter Include="engine\mesh">
      <UniqueIdentifier>{9540e191-8506-46e4-b9b0-90a2b399f078}</UniqueIdentifier>
    </Filter>
    <Filter Include="engine\math">
      <UniqueIdentifier>{bffb5dc0-f31c-405e-ba68-5642fc5bccc0}</UniqueIdentifier>
    </Filter>
    <Filter Include="engine\others">
      <UniqueIdentifier>{63b6c17a-5e4d-43e8-80ef-c68c0d2d2081}</UniqueIdentifier>
    </Filter>
    <Filter Include="engine\shader">
      <UniqueIdentifier>{2c7f9769-b495-4db4-8d7b-57bd23e77253}</UniqueIdentifier>
    </Filter>
    <Filter Include="engine\TODO">
      <UniqueIdentifier>{f17de1d1-efda-4fab-b17e-6c9fd9cccd65}</UniqueIdentifier>
    </Filter>
    <Filter Include="engine\console">
      <UniqueIdentifier>{6f25d2e5-b0e2-4af1-9850-229691baebf3}</UniqueIdentifier>
    </Filter>
    <Filter Include="engine\render">
      <UniqueIdentifier>{8ca1093c-2912-4b04-a561-a58c17ff7ac7}</UniqueIdentifier>
    </Filter>
    <Filter Include="engine\skeleton">
      <UniqueIdentifier>{e946ff40-f931-4459-947e-53ae6349edd0}</UniqueIdentifier>
    </Filter>
    <Filter Include="engine\event">
      <UniqueIdentifier>{f662b11d-fa43-4237-b0f7-e5fa39b40701}</UniqueIdentifier>
    </Filter>
    <Filter Include="engine\geometry">
      <UniqueIdentifier>{dc38e460-168c-401a-90d0-6c1e9dda215f}</UniqueIdentifier>
    </Filter>
    <Filter Include="editor\ui">
      <UniqueIdentifier>{79c511cd-5d67-4db9-837b-c6a612d037c4}</UniqueIdentifier>
    </Filter>
    <Filter Include="editor\ui\colorselector">
      <UniqueIdentifier>{7cc75189-c2f2-478d-a138-3e914cfd394c}</UniqueIdentifier>
    </Filter>
  </ItemGroup>
  <ItemGroup>
    <ClCompile Include="main.cpp">
      <Filter>win_console</Filter>
    </ClCompile>
    <ClCompile Include="veVector3.cpp">
      <Filter>engine\math</Filter>
    </ClCompile>
    <ClCompile Include="veTransform.cpp">
      <Filter>engine\math</Filter>
    </ClCompile>
    <ClCompile Include="veMatrix3x3.cpp">
      <Filter>engine\math</Filter>
    </ClCompile>
    <ClCompile Include="veMesh.cpp">
      <Filter>engine\mesh</Filter>
    </ClCompile>
    <ClCompile Include="veOctree.cpp">
      <Filter>engine\others</Filter>
    </ClCompile>
    <ClCompile Include="veRay.cpp">
      <Filter>engine\others</Filter>
    </ClCompile>
    <ClCompile Include="veGLSLManager.cpp">
      <Filter>engine\shader</Filter>
    </ClCompile>
    <ClCompile Include="veShaderProgram.cpp">
      <Filter>engine\shader</Filter>
    </ClCompile>
    <ClCompile Include="veShader.cpp">
      <Filter>engine\shader</Filter>
    </ClCompile>
    <ClCompile Include="veTGALoader.cpp">
      <Filter>engine\others</Filter>
    </ClCompile>
    <ClCompile Include="veTextureManager.cpp">
      <Filter>engine\render</Filter>
    </ClCompile>
    <ClCompile Include="veRenderSystem.cpp">
      <Filter>engine\render</Filter>
    </ClCompile>
    <ClCompile Include="veRenderer.cpp">
      <Filter>engine\render</Filter>
    </ClCompile>
    <ClCompile Include="veFBOManager.cpp">
      <Filter>engine\render</Filter>
    </ClCompile>
    <ClCompile Include="veRenderPass.cpp">
      <Filter>engine\render</Filter>
    </ClCompile>
    <ClCompile Include="veConsole.cpp">
      <Filter>engine\console</Filter>
    </ClCompile>
    <ClCompile Include="veVoxelModel.cpp">
      <Filter>engine\voxel</Filter>
    </ClCompile>
    <ClCompile Include="veEngine.cpp">
      <Filter>engine</Filter>
    </ClCompile>
    <ClCompile Include="veQuaternion.cpp">
      <Filter>engine\math</Filter>
    </ClCompile>
    <ClCompile Include="veTransformController.cpp">
      <Filter>engine\skeleton</Filter>
    </ClCompile>
    <ClCompile Include="veSkeleton.cpp">
      <Filter>engine\skeleton</Filter>
    </ClCompile>
    <ClCompile Include="veVoxel.cpp">
      <Filter>engine\voxel</Filter>
    </ClCompile>
    <ClCompile Include="veChunkSerializer.cpp">
      <Filter>engine\voxel</Filter>
    </ClCompile>
    <ClCompile Include="veFontSystem.cpp">
      <Filter>engine\console</Filter>
    </ClCompile>
    <ClCompile Include="veUIComponent.cpp">
      <Filter>engine\TODO</Filter>
    </ClCompile>
    <ClCompile Include="veFactoryHistory.cpp">
      <Filter>editor\history</Filter>
    </ClCompile>
    <ClCompile Include="veTexturePanel.cpp">
      <Filter>editor\ui</Filter>
    </ClCompile>
    <ClCompile Include="veLightingEngine.cpp">
      <Filter>engine\voxel\lighting engine</Filter>
    </ClCompile>
    <ClCompile Include="veScene.cpp">
      <Filter>engine\voxel\Deprecated</Filter>
    </ClCompile>
    <ClCompile Include="veColorSelector.cpp">
      <Filter>editor\ui\colorselector</Filter>
    </ClCompile>
    <ClCompile Include="veEditor.cpp">
      <Filter>editor</Filter>
    </ClCompile>
    <ClCompile Include="veSceneFactory.cpp">
      <Filter>editor</Filter>
    </ClCompile>
    <ClCompile Include="veColorRect.cpp">
      <Filter>editor\ui\colorselector</Filter>
    </ClCompile>
    <ClCompile Include="veColorPalette.cpp">
      <Filter>editor\ui\colorselector</Filter>
    </ClCompile>
    <ClCompile Include="veColorBar.cpp">
      <Filter>editor\ui\colorselector</Filter>
    </ClCompile>
  </ItemGroup>
  <ItemGroup>
    <ClInclude Include="veMath.h">
      <Filter>engine\math</Filter>
    </ClInclude>
    <ClInclude Include="vePrerequisites.h">
      <Filter>engine</Filter>
    </ClInclude>
    <ClInclude Include="veVector3.h">
      <Filter>engine\math</Filter>
    </ClInclude>
    <ClInclude Include="veTransform.h">
      <Filter>engine\math</Filter>
    </ClInclude>
    <ClInclude Include="veMatrix3x3.h">
      <Filter>engine\math</Filter>
    </ClInclude>
    <ClInclude Include="veMesh.h">
      <Filter>engine\mesh</Filter>
    </ClInclude>
    <ClInclude Include="veRay.h">
      <Filter>engine\others</Filter>
    </ClInclude>
    <ClInclude Include="veOctree.h">
      <Filter>engine\others</Filter>
    </ClInclude>
    <ClInclude Include="veBoundingBox.h">
      <Filter>engine\others</Filter>
    </ClInclude>
    <ClInclude Include="veGLSLManager.h">
      <Filter>engine\shader</Filter>
    </ClInclude>
    <ClInclude Include="veShader.h">
      <Filter>engine\shader</Filter>
    </ClInclude>
    <ClInclude Include="veShaderProgram.h">
      <Filter>engine\shader</Filter>
    </ClInclude>
    <ClInclude Include="veFramebufferObject.h">
      <Filter>engine\render</Filter>
    </ClInclude>
    <ClInclude Include="veSingleton.h">
      <Filter>engine</Filter>
    </ClInclude>
    <ClInclude Include="veTGALoader.h">
      <Filter>engine\others</Filter>
    </ClInclude>
    <ClInclude Include="veTextureManager.h">
      <Filter>engine\render</Filter>
    </ClInclude>
    <ClInclude Include="veRenderSystem.h">
      <Filter>engine\render</Filter>
    </ClInclude>
    <ClInclude Include="veRenderer.h">
      <Filter>engine\render</Filter>
    </ClInclude>
    <ClInclude Include="veFBOManager.h">
      <Filter>engine\render</Filter>
    </ClInclude>
    <ClInclude Include="veRenderPass.h">
      <Filter>engine\render</Filter>
    </ClInclude>
    <ClInclude Include="veTimer.h">
      <Filter>engine\others</Filter>
    </ClInclude>
    <ClInclude Include="veTexture.h">
      <Filter>engine\render</Filter>
    </ClInclude>
    <ClInclude Include="veVoxel.h">
      <Filter>engine\voxel</Filter>
    </ClInclude>
    <ClInclude Include="veConsole.h">
      <Filter>engine\console</Filter>
    </ClInclude>
    <ClInclude Include="veSphericalCamera.h">
      <Filter>engine\TODO</Filter>
    </ClInclude>
    <ClInclude Include="veEngine.h">
      <Filter>engine</Filter>
    </ClInclude>
    <ClInclude Include="veQuaternion.h">
      <Filter>engine\math</Filter>
    </ClInclude>
    <ClInclude Include="veTransformController.h">
      <Filter>engine\skeleton</Filter>
    </ClInclude>
    <ClInclude Include="veSkeleton.h">
      <Filter>engine\skeleton</Filter>
    </ClInclude>
    <ClInclude Include="veChunkSerializer.h">
      <Filter>engine\voxel</Filter>
    </ClInclude>
    <ClInclude Include="veUtils.h">
      <Filter>engine</Filter>
    </ClInclude>
    <ClInclude Include="veVoxelModel.h">
      <Filter>engine\voxel</Filter>
    </ClInclude>
    <ClInclude Include="veEvent.h">
      <Filter>engine\event</Filter>
    </ClInclude>
    <ClInclude Include="veFontSystem.h">
      <Filter>engine\console</Filter>
    </ClInclude>
    <ClInclude Include="veUIComponent.h">
      <Filter>engine\TODO</Filter>
    </ClInclude>
    <ClInclude Include="veFactoryHistory.h">
      <Filter>editor\history</Filter>
    </ClInclude>
    <ClInclude Include="veTexturePanel.h">
      <Filter>editor\ui</Filter>
    </ClInclude>
    <ClInclude Include="veLightingEngine.h">
      <Filter>engine\voxel\lighting engine</Filter>
    </ClInclude>
    <ClInclude Include="veScene.h">
      <Filter>engine\voxel\Deprecated</Filter>
    </ClInclude>
    <ClInclude Include="veGeometry.h">
      <Filter>engine\geometry</Filter>
    </ClInclude>
    <ClInclude Include="veColor.h">
      <Filter>engine\others</Filter>
    </ClInclude>
    <ClInclude Include="veColorSelector.h">
      <Filter>editor\ui\colorselector</Filter>
    </ClInclude>
    <ClInclude Include="veColorRect.h">
      <Filter>editor\ui\colorselector</Filter>
    </ClInclude>
    <ClInclude Include="veEditor.h">
      <Filter>editor</Filter>
    </ClInclude>
    <ClInclude Include="veSceneFactory.h">
      <Filter>editor</Filter>
    </ClInclude>
    <ClInclude Include="veColorPalette.h">
      <Filter>editor\ui\colorselector</Filter>
    </ClInclude>
    <ClInclude Include="veColorBar.h">
      <Filter>editor\ui\colorselector</Filter>
    </ClInclude>
  </ItemGroup>
  <ItemGroup>
    <None Include="shaders\SSAO_1VS.txt">
      <Filter>shaders</Filter>
    </None>
    <None Include="shaders\SSAO_1VS.txt">
      <Filter>shaders</Filter>
    </None>
    <None Include="shaders\SSAO_2FS.txt">
      <Filter>shaders</Filter>
    </None>
    <None Include="shaders\SSAO_2VS.txt">
      <Filter>shaders</Filter>
    </None>
    <None Include="shaders\SSAO_1FS.txt">
      <Filter>shaders</Filter>
    </None>
    <None Include="shaders\DirectionalLightingFS.txt">
      <Filter>shaders</Filter>
    </None>
    <None Include="shaders\DirectionalLightingVS.txt">
      <Filter>shaders</Filter>
    </None>
  </ItemGroup>
</Project>